# THIS IS AN AUTOGENERATED FILE. DO NOT EDIT THIS FILE DIRECTLY.
# yarn lockfile v1


tarteaucitronjs@^1.9.5:
  version "1.9.5"
  resolved "https://registry.yarnpkg.com/tarteaucitronjs/-/tarteaucitronjs-1.9.5.tgz#905572bcfdfd1ae102166530f6efcff3d848ce46"
  integrity sha512-csUmmbHAtlDQLwCjj++VTHjGMxmZX5cJaqH+bASR38psBr7taonmu/DkXhLDzBbZImZqWuHi28dYahz0bH8Fvw==
